
Microsoft Visual Studio Solution File, Format Version 12.00
# Visual Studio 15
VisualStudioVersion = 15.0.26430.6
MinimumVisualStudioVersion = 10.0.40219.1
Project("{FAE04EC0-301F-11D3-BF4B-00C04F79EFBC}") = "GuitarScales", "guitarTools\GuitarScales.csproj", "{0ABC51EB-E37D-4FD1-B2A3-529ED3E61B12}"
EndProject
Project("{FAE04EC0-301F-11D3-BF4B-00C04F79EFBC}") = "FretboardLibrary", "FretboardLibrary\FretboardLibrary.csproj", "{92152F68-90DB-44E0-A440-44167201BDE5}"
	ProjectSection(ProjectDependencies) = postProject
		{BA985F1F-9D96-467A-9BF4-04819337B3BA} = {BA985F1F-9D96-467A-9BF4-04819337B3BA}
	EndProjectSection
EndProject
Project("{FAE04EC0-301F-11D3-BF4B-00C04F79EFBC}") = "ServicesLibrary", "ServicesLibrary\ServicesLibrary.csproj", "{BA985F1F-9D96-467A-9BF4-04819337B3BA}"
EndProject
Project("{FAE04EC0-301F-11D3-BF4B-00C04F79EFBC}") = "Controls", "Controls\Controls.csproj", "{33FE4032-C3F3-496E-AB38-F805059DE1C0}"
EndProject
Project("{FAE04EC0-301F-11D3-BF4B-00C04F79EFBC}") = "KeyboardLibrary", "KeyboardLibrary\KeyboardLibrary.csproj", "{FE8D9EA6-2421-4978-9D37-6DC9A072F0F7}"
EndProject
Global
	GlobalSection(SolutionConfigurationPlatforms) = preSolution
		Debug|Any CPU = Debug|Any CPU
		Release|Any CPU = Release|Any CPU
	EndGlobalSection
	GlobalSection(ProjectConfigurationPlatforms) = postSolution
		{0ABC51EB-E37D-4FD1-B2A3-529ED3E61B12}.Debug|Any CPU.ActiveCfg = Debug|Any CPU
		{0ABC51EB-E37D-4FD1-B2A3-529ED3E61B12}.Debug|Any CPU.Build.0 = Debug|Any CPU
		{0ABC51EB-E37D-4FD1-B2A3-529ED3E61B12}.Release|Any CPU.ActiveCfg = Release|Any CPU
		{0ABC51EB-E37D-4FD1-B2A3-529ED3E61B12}.Release|Any CPU.Build.0 = Release|Any CPU
		{92152F68-90DB-44E0-A440-44167201BDE5}.Debug|Any CPU.ActiveCfg = Debug|Any CPU
		{92152F68-90DB-44E0-A440-44167201BDE5}.Debug|Any CPU.Build.0 = Debug|Any CPU
		{92152F68-90DB-44E0-A440-44167201BDE5}.Release|Any CPU.ActiveCfg = Release|Any CPU
		{92152F68-90DB-44E0-A440-44167201BDE5}.Release|Any CPU.Build.0 = Release|Any CPU
		{BA985F1F-9D96-467A-9BF4-04819337B3BA}.Debug|Any CPU.ActiveCfg = Debug|Any CPU
		{BA985F1F-9D96-467A-9BF4-04819337B3BA}.Debug|Any CPU.Build.0 = Debug|Any CPU
		{BA985F1F-9D96-467A-9BF4-04819337B3BA}.Release|Any CPU.ActiveCfg = Release|Any CPU
		{BA985F1F-9D96-467A-9BF4-04819337B3BA}.Release|Any CPU.Build.0 = Release|Any CPU
		{33FE4032-C3F3-496E-AB38-F805059DE1C0}.Debug|Any CPU.ActiveCfg = Debug|Any CPU
		{33FE4032-C3F3-496E-AB38-F805059DE1C0}.Debug|Any CPU.Build.0 = Debug|Any CPU
		{33FE4032-C3F3-496E-AB38-F805059DE1C0}.Release|Any CPU.ActiveCfg = Release|Any CPU
		{33FE4032-C3F3-496E-AB38-F805059DE1C0}.Release|Any CPU.Build.0 = Release|Any CPU
		{FE8D9EA6-2421-4978-9D37-6DC9A072F0F7}.Debug|Any CPU.ActiveCfg = Debug|Any CPU
		{FE8D9EA6-2421-4978-9D37-6DC9A072F0F7}.Debug|Any CPU.Build.0 = Debug|Any CPU
		{FE8D9EA6-2421-4978-9D37-6DC9A072F0F7}.Release|Any CPU.ActiveCfg = Release|Any CPU
		{FE8D9EA6-2421-4978-9D37-6DC9A072F0F7}.Release|Any CPU.Build.0 = Release|Any CPU
	EndGlobalSection
	GlobalSection(SolutionProperties) = preSolution
		HideSolutionNode = FALSE
	EndGlobalSection
EndGlobal
